
Microsoft Visual Studio Solution File, Format Version 12.00
# Visual Studio Version 16
VisualStudioVersion = 16.0.29411.108
MinimumVisualStudioVersion = 10.0.40219.1
Project("{FAE04EC0-301F-11D3-BF4B-00C04F79EFBC}") = "WindowsFormsAirplane", "WindowsFormsAirplane\WindowsFormsAirplane.csproj", "{581F7F87-1862-4F0A-8FA3-25DB50DBD046}"
EndProject
Global
	GlobalSection(SolutionConfigurationPlatforms) = preSolution
		Debug|Any CPU = Debug|Any CPU
		Release|Any CPU = Release|Any CPU
	EndGlobalSection
	GlobalSection(ProjectConfigurationPlatforms) = postSolution
		{581F7F87-1862-4F0A-8FA3-25DB50DBD046}.Debug|Any CPU.ActiveCfg = Debug|Any CPU
		{581F7F87-1862-4F0A-8FA3-25DB50DBD046}.Debug|Any CPU.Build.0 = Debug|Any CPU
		{581F7F87-1862-4F0A-8FA3-25DB50DBD046}.Release|Any CPU.ActiveCfg = Release|Any CPU
		{581F7F87-1862-4F0A-8FA3-25DB50DBD046}.Release|Any CPU.Build.0 = Release|Any CPU
	EndGlobalSection
	GlobalSection(SolutionProperties) = preSolution
		HideSolutionNode = FALSE
	EndGlobalSection
	GlobalSection(ExtensibilityGlobals) = postSolution
		SolutionGuid = {ED71C0F4-BC4F-41F5-9811-5D1F904C3A0F}
	EndGlobalSection
EndGlobal
